{
  "requires": true,
  "lockfileVersion": 1,
  "dependencies": {
    "emittery": {
      "version": "0.10.1",
      "resolved": "https://registry.npmjs.org/emittery/-/emittery-0.10.1.tgz",
      "integrity": "sha512-OBSS9uVXbpgqEGq2V5VnpfCu9vSnfiR9eYVJmxFYToNIcWRHkM4BAFbJe/PWjf/pQdEL7OPxd2jOW/bJiyX7gg=="
    }
  }
}
